# This file is autogenerated, do not edit; changes may be undone by the next 'dep ensure'.


[[projects]]
  branch = "master"
  name = "github.com/aryann/difflib"
  packages = ["."]
  revision = "e206f873d14a916d3d26c40ab667bca123f365a3"

[solve-meta]
  analyzer-name = "dep"
  analyzer-version = 1
  inputs-digest = "9c7deca538e78766d9fe255c2c5b4ff1d18b3fbf0d9d50b6181b9e1b7f34e676"
  solver-name = "gps-cdcl"
  solver-version = 1
